
Microsoft Visual Studio Solution File, Format Version 12.00
# Visual Studio Version 16
VisualStudioVersion = 16.0.29201.188
MinimumVisualStudioVersion = 10.0.40219.1
Project("{9A19103F-16F7-4668-BE54-9A1E7A4F7556}") = "TaxiVer.Common", "TaxiVer.Common\TaxiVer.Common.csproj", "{2FD80A45-0D3D-42C7-9CD1-4BA15396523B}"
EndProject
Project("{9A19103F-16F7-4668-BE54-9A1E7A4F7556}") = "TaxiVer.Web", "TaxiVer.Web\TaxiVer.Web.csproj", "{0453B063-DB84-4C16-AF0E-A3250F3395D1}"
EndProject
Project("{FAE04EC0-301F-11D3-BF4B-00C04F79EFBC}") = "TaxiVer.Prism", "TaxiVer.Prism\TaxiVer.Prism\TaxiVer.Prism.csproj", "{06FCC6C3-407A-4D2C-A0C4-A8DB2B65425F}"
EndProject
Project("{FAE04EC0-301F-11D3-BF4B-00C04F79EFBC}") = "TaxiVer.Prism.Android", "TaxiVer.Prism\TaxiVer.Prism.Android\TaxiVer.Prism.Android.csproj", "{3A6F4D11-3F3B-4B19-AC64-BE15A884BD00}"
EndProject
Project("{FAE04EC0-301F-11D3-BF4B-00C04F79EFBC}") = "TaxiVer.Prism.iOS", "TaxiVer.Prism\TaxiVer.Prism.iOS\TaxiVer.Prism.iOS.csproj", "{1A89833C-A79E-4418-96CB-22BCBD7F061A}"
EndProject
Project("{FAE04EC0-301F-11D3-BF4B-00C04F79EFBC}") = "TaxiVer.Cross.Android", "TaxiVer.Cross.Android\TaxiVer.Cross.Android.csproj", "{E83306D3-05DF-49FE-BBBB-C92C172A7A49}"
EndProject
Project("{FAE04EC0-301F-11D3-BF4B-00C04F79EFBC}") = "Taxi.Cross.iOS", "Taxi.Cross.iOS\Taxi.Cross.iOS.csproj", "{442C8534-DEDC-4CB5-AAB0-380A3F4C93E9}"
EndProject
Global
	GlobalSection(SolutionConfigurationPlatforms) = preSolution
		Ad-Hoc|Any CPU = Ad-Hoc|Any CPU
		Ad-Hoc|iPhone = Ad-Hoc|iPhone
		Ad-Hoc|iPhoneSimulator = Ad-Hoc|iPhoneSimulator
		AppStore|Any CPU = AppStore|Any CPU
		AppStore|iPhone = AppStore|iPhone
		AppStore|iPhoneSimulator = AppStore|iPhoneSimulator
		Debug|Any CPU = Debug|Any CPU
		Debug|iPhone = Debug|iPhone
		Debug|iPhoneSimulator = Debug|iPhoneSimulator
		Release|Any CPU = Release|Any CPU
		Release|iPhone = Release|iPhone
		Release|iPhoneSimulator = Release|iPhoneSimulator
	EndGlobalSection
	GlobalSection(ProjectConfigurationPlatforms) = postSolution
		{2FD80A45-0D3D-42C7-9CD1-4BA15396523B}.Ad-Hoc|Any CPU.ActiveCfg = Release|Any CPU
		{2FD80A45-0D3D-42C7-9CD1-4BA15396523B}.Ad-Hoc|Any CPU.Build.0 = Release|Any CPU
		{2FD80A45-0D3D-42C7-9CD1-4BA15396523B}.Ad-Hoc|iPhone.ActiveCfg = Release|Any CPU
		{2FD80A45-0D3D-42C7-9CD1-4BA15396523B}.Ad-Hoc|iPhone.Build.0 = Release|Any CPU
		{2FD80A45-0D3D-42C7-9CD1-4BA15396523B}.Ad-Hoc|iPhoneSimulator.ActiveCfg = Release|Any CPU
		{2FD80A45-0D3D-42C7-9CD1-4BA15396523B}.Ad-Hoc|iPhoneSimulator.Build.0 = Release|Any CPU
		{2FD80A45-0D3D-42C7-9CD1-4BA15396523B}.AppStore|Any CPU.ActiveCfg = Release|Any CPU
		{2FD80A45-0D3D-42C7-9CD1-4BA15396523B}.AppStore|Any CPU.Build.0 = Release|Any CPU
		{2FD80A45-0D3D-42C7-9CD1-4BA15396523B}.AppStore|iPhone.ActiveCfg = Release|Any CPU
		{2FD80A45-0D3D-42C7-9CD1-4BA15396523B}.AppStore|iPhone.Build.0 = Release|Any CPU
		{2FD80A45-0D3D-42C7-9CD1-4BA15396523B}.AppStore|iPhoneSimulator.ActiveCfg = Release|Any CPU
		{2FD80A45-0D3D-42C7-9CD1-4BA15396523B}.AppStore|iPhoneSimulator.Build.0 = Release|Any CPU
		{2FD80A45-0D3D-42C7-9CD1-4BA15396523B}.Debug|Any CPU.ActiveCfg = Debug|Any CPU
		{2FD80A45-0D3D-42C7-9CD1-4BA15396523B}.Debug|Any CPU.Build.0 = Debug|Any CPU
		{2FD80A45-0D3D-42C7-9CD1-4BA15396523B}.Debug|iPhone.ActiveCfg = Debug|Any CPU
		{2FD80A45-0D3D-42C7-9CD1-4BA15396523B}.Debug|iPhone.Build.0 = Debug|Any CPU
		{2FD80A45-0D3D-42C7-9CD1-4BA15396523B}.Debug|iPhoneSimulator.ActiveCfg = Debug|Any CPU
		{2FD80A45-0D3D-42C7-9CD1-4BA15396523B}.Debug|iPhoneSimulator.Build.0 = Debug|Any CPU
		{2FD80A45-0D3D-42C7-9CD1-4BA15396523B}.Release|Any CPU.ActiveCfg = Release|Any CPU
		{2FD80A45-0D3D-42C7-9CD1-4BA15396523B}.Release|Any CPU.Build.0 = Release|Any CPU
		{2FD80A45-0D3D-42C7-9CD1-4BA15396523B}.Release|iPhone.ActiveCfg = Release|Any CPU
		{2FD80A45-0D3D-42C7-9CD1-4BA15396523B}.Release|iPhone.Build.0 = Release|Any CPU
		{2FD80A45-0D3D-42C7-9CD1-4BA15396523B}.Release|iPhoneSimulator.ActiveCfg = Release|Any CPU
		{2FD80A45-0D3D-42C7-9CD1-4BA15396523B}.Release|iPhoneSimulator.Build.0 = Release|Any CPU
		{0453B063-DB84-4C16-AF0E-A3250F3395D1}.Ad-Hoc|Any CPU.ActiveCfg = Release|Any CPU
		{0453B063-DB84-4C16-AF0E-A3250F3395D1}.Ad-Hoc|Any CPU.Build.0 = Release|Any CPU
		{0453B063-DB84-4C16-AF0E-A3250F3395D1}.Ad-Hoc|iPhone.ActiveCfg = Release|Any CPU
		{0453B063-DB84-4C16-AF0E-A3250F3395D1}.Ad-Hoc|iPhone.Build.0 = Release|Any CPU
		{0453B063-DB84-4C16-AF0E-A3250F3395D1}.Ad-Hoc|iPhoneSimulator.ActiveCfg = Release|Any CPU
		{0453B063-DB84-4C16-AF0E-A3250F3395D1}.Ad-Hoc|iPhoneSimulator.Build.0 = Release|Any CPU
		{0453B063-DB84-4C16-AF0E-A3250F3395D1}.AppStore|Any CPU.ActiveCfg = Release|Any CPU
		{0453B063-DB84-4C16-AF0E-A3250F3395D1}.AppStore|Any CPU.Build.0 = Release|Any CPU
		{0453B063-DB84-4C16-AF0E-A3250F3395D1}.AppStore|iPhone.ActiveCfg = Release|Any CPU
		{0453B063-DB84-4C16-AF0E-A3250F3395D1}.AppStore|iPhone.Build.0 = Release|Any CPU
		{0453B063-DB84-4C16-AF0E-A3250F3395D1}.AppStore|iPhoneSimulator.ActiveCfg = Release|Any CPU
		{0453B063-DB84-4C16-AF0E-A3250F3395D1}.AppStore|iPhoneSimulator.Build.0 = Release|Any CPU
		{0453B063-DB84-4C16-AF0E-A3250F3395D1}.Debug|Any CPU.ActiveCfg = Debug|Any CPU
		{0453B063-DB84-4C16-AF0E-A3250F3395D1}.Debug|Any CPU.Build.0 = Debug|Any CPU
		{0453B063-DB84-4C16-AF0E-A3250F3395D1}.Debug|iPhone.ActiveCfg = Debug|Any CPU
		{0453B063-DB84-4C16-AF0E-A3250F3395D1}.Debug|iPhone.Build.0 = Debug|Any CPU
		{0453B063-DB84-4C16-AF0E-A3250F3395D1}.Debug|iPhoneSimulator.ActiveCfg = Debug|Any CPU
		{0453B063-DB84-4C16-AF0E-A3250F3395D1}.Debug|iPhoneSimulator.Build.0 = Debug|Any CPU
		{0453B063-DB84-4C16-AF0E-A3250F3395D1}.Release|Any CPU.ActiveCfg = Release|Any CPU
		{0453B063-DB84-4C16-AF0E-A3250F3395D1}.Release|Any CPU.Build.0 = Release|Any CPU
		{0453B063-DB84-4C16-AF0E-A3250F3395D1}.Release|iPhone.ActiveCfg = Release|Any CPU
		{0453B063-DB84-4C16-AF0E-A3250F3395D1}.Release|iPhone.Build.0 = Release|Any CPU
		{0453B063-DB84-4C16-AF0E-A3250F3395D1}.Release|iPhoneSimulator.ActiveCfg = Release|Any CPU
		{0453B063-DB84-4C16-AF0E-A3250F3395D1}.Release|iPhoneSimulator.Build.0 = Release|Any CPU
		{06FCC6C3-407A-4D2C-A0C4-A8DB2B65425F}.Ad-Hoc|Any CPU.ActiveCfg = Debug|Any CPU
		{06FCC6C3-407A-4D2C-A0C4-A8DB2B65425F}.Ad-Hoc|Any CPU.Build.0 = Debug|Any CPU
		{06FCC6C3-407A-4D2C-A0C4-A8DB2B65425F}.Ad-Hoc|iPhone.ActiveCfg = Debug|Any CPU
		{06FCC6C3-407A-4D2C-A0C4-A8DB2B65425F}.Ad-Hoc|iPhone.Build.0 = Debug|Any CPU
		{06FCC6C3-407A-4D2C-A0C4-A8DB2B65425F}.Ad-Hoc|iPhoneSimulator.ActiveCfg = Debug|Any CPU
		{06FCC6C3-407A-4D2C-A0C4-A8DB2B65425F}.Ad-Hoc|iPhoneSimulator.Build.0 = Debug|Any CPU
		{06FCC6C3-407A-4D2C-A0C4-A8DB2B65425F}.AppStore|Any CPU.ActiveCfg = Debug|Any CPU
		{06FCC6C3-407A-4D2C-A0C4-A8DB2B65425F}.AppStore|Any CPU.Build.0 = Debug|Any CPU
		{06FCC6C3-407A-4D2C-A0C4-A8DB2B65425F}.AppStore|iPhone.ActiveCfg = Debug|Any CPU
		{06FCC6C3-407A-4D2C-A0C4-A8DB2B65425F}.AppStore|iPhone.Build.0 = Debug|Any CPU
		{06FCC6C3-407A-4D2C-A0C4-A8DB2B65425F}.AppStore|iPhoneSimulator.ActiveCfg = Debug|Any CPU
		{06FCC6C3-407A-4D2C-A0C4-A8DB2B65425F}.AppStore|iPhoneSimulator.Build.0 = Debug|Any CPU
		{06FCC6C3-407A-4D2C-A0C4-A8DB2B65425F}.Debug|Any CPU.ActiveCfg = Debug|Any CPU
		{06FCC6C3-407A-4D2C-A0C4-A8DB2B65425F}.Debug|Any CPU.Build.0 = Debug|Any CPU
		{06FCC6C3-407A-4D2C-A0C4-A8DB2B65425F}.Debug|iPhone.ActiveCfg = Debug|Any CPU
		{06FCC6C3-407A-4D2C-A0C4-A8DB2B65425F}.Debug|iPhone.Build.0 = Debug|Any CPU
		{06FCC6C3-407A-4D2C-A0C4-A8DB2B65425F}.Debug|iPhoneSimulator.ActiveCfg = Debug|Any CPU
		{06FCC6C3-407A-4D2C-A0C4-A8DB2B65425F}.Debug|iPhoneSimulator.Build.0 = Debug|Any CPU
		{06FCC6C3-407A-4D2C-A0C4-A8DB2B65425F}.Release|Any CPU.ActiveCfg = Release|Any CPU
		{06FCC6C3-407A-4D2C-A0C4-A8DB2B65425F}.Release|Any CPU.Build.0 = Release|Any CPU
		{06FCC6C3-407A-4D2C-A0C4-A8DB2B65425F}.Release|iPhone.ActiveCfg = Release|Any CPU
		{06FCC6C3-407A-4D2C-A0C4-A8DB2B65425F}.Release|iPhone.Build.0 = Release|Any CPU
		{06FCC6C3-407A-4D2C-A0C4-A8DB2B65425F}.Release|iPhoneSimulator.ActiveCfg = Release|Any CPU
		{06FCC6C3-407A-4D2C-A0C4-A8DB2B65425F}.Release|iPhoneSimulator.Build.0 = Release|Any CPU
		{3A6F4D11-3F3B-4B19-AC64-BE15A884BD00}.Ad-Hoc|Any CPU.ActiveCfg = Release|Any CPU
		{3A6F4D11-3F3B-4B19-AC64-BE15A884BD00}.Ad-Hoc|Any CPU.Build.0 = Release|Any CPU
		{3A6F4D11-3F3B-4B19-AC64-BE15A884BD00}.Ad-Hoc|Any CPU.Deploy.0 = Release|Any CPU
		{3A6F4D11-3F3B-4B19-AC64-BE15A884BD00}.Ad-Hoc|iPhone.ActiveCfg = Release|Any CPU
		{3A6F4D11-3F3B-4B19-AC64-BE15A884BD00}.Ad-Hoc|iPhone.Build.0 = Release|Any CPU
		{3A6F4D11-3F3B-4B19-AC64-BE15A884BD00}.Ad-Hoc|iPhone.Deploy.0 = Release|Any CPU
		{3A6F4D11-3F3B-4B19-AC64-BE15A884BD00}.Ad-Hoc|iPhoneSimulator.ActiveCfg = Release|Any CPU
		{3A6F4D11-3F3B-4B19-AC64-BE15A884BD00}.Ad-Hoc|iPhoneSimulator.Build.0 = Release|Any CPU
		{3A6F4D11-3F3B-4B19-AC64-BE15A884BD00}.Ad-Hoc|iPhoneSimulator.Deploy.0 = Release|Any CPU
		{3A6F4D11-3F3B-4B19-AC64-BE15A884BD00}.AppStore|Any CPU.ActiveCfg = Release|Any CPU
		{3A6F4D11-3F3B-4B19-AC64-BE15A884BD00}.AppStore|Any CPU.Build.0 = Release|Any CPU
		{3A6F4D11-3F3B-4B19-AC64-BE15A884BD00}.AppStore|Any CPU.Deploy.0 = Release|Any CPU
		{3A6F4D11-3F3B-4B19-AC64-BE15A884BD00}.AppStore|iPhone.ActiveCfg = Release|Any CPU
		{3A6F4D11-3F3B-4B19-AC64-BE15A884BD00}.AppStore|iPhone.Build.0 = Release|Any CPU
		{3A6F4D11-3F3B-4B19-AC64-BE15A884BD00}.AppStore|iPhone.Deploy.0 = Release|Any CPU
		{3A6F4D11-3F3B-4B19-AC64-BE15A884BD00}.AppStore|iPhoneSimulator.ActiveCfg = Release|Any CPU
		{3A6F4D11-3F3B-4B19-AC64-BE15A884BD00}.AppStore|iPhoneSimulator.Build.0 = Release|Any CPU
		{3A6F4D11-3F3B-4B19-AC64-BE15A884BD00}.AppStore|iPhoneSimulator.Deploy.0 = Release|Any CPU
		{3A6F4D11-3F3B-4B19-AC64-BE15A884BD00}.Debug|Any CPU.ActiveCfg = Debug|Any CPU
		{3A6F4D11-3F3B-4B19-AC64-BE15A884BD00}.Debug|Any CPU.Build.0 = Debug|Any CPU
		{3A6F4D11-3F3B-4B19-AC64-BE15A884BD00}.Debug|Any CPU.Deploy.0 = Debug|Any CPU
		{3A6F4D11-3F3B-4B19-AC64-BE15A884BD00}.Debug|iPhone.ActiveCfg = Debug|Any CPU
		{3A6F4D11-3F3B-4B19-AC64-BE15A884BD00}.Debug|iPhone.Build.0 = Debug|Any CPU
		{3A6F4D11-3F3B-4B19-AC64-BE15A884BD00}.Debug|iPhone.Deploy.0 = Debug|Any CPU
		{3A6F4D11-3F3B-4B19-AC64-BE15A884BD00}.Debug|iPhoneSimulator.ActiveCfg = Debug|Any CPU
		{3A6F4D11-3F3B-4B19-AC64-BE15A884BD00}.Debug|iPhoneSimulator.Build.0 = Debug|Any CPU
		{3A6F4D11-3F3B-4B19-AC64-BE15A884BD00}.Debug|iPhoneSimulator.Deploy.0 = Debug|Any CPU
		{3A6F4D11-3F3B-4B19-AC64-BE15A884BD00}.Release|Any CPU.ActiveCfg = Release|Any CPU
		{3A6F4D11-3F3B-4B19-AC64-BE15A884BD00}.Release|Any CPU.Build.0 = Release|Any CPU
		{3A6F4D11-3F3B-4B19-AC64-BE15A884BD00}.Release|Any CPU.Deploy.0 = Release|Any CPU
		{3A6F4D11-3F3B-4B19-AC64-BE15A884BD00}.Release|iPhone.ActiveCfg = Release|Any CPU
		{3A6F4D11-3F3B-4B19-AC64-BE15A884BD00}.Release|iPhone.Build.0 = Release|Any CPU
		{3A6F4D11-3F3B-4B19-AC64-BE15A884BD00}.Release|iPhone.Deploy.0 = Release|Any CPU
		{3A6F4D11-3F3B-4B19-AC64-BE15A884BD00}.Release|iPhoneSimulator.ActiveCfg = Release|Any CPU
		{3A6F4D11-3F3B-4B19-AC64-BE15A884BD00}.Release|iPhoneSimulator.Build.0 = Release|Any CPU
		{3A6F4D11-3F3B-4B19-AC64-BE15A884BD00}.Release|iPhoneSimulator.Deploy.0 = Release|Any CPU
		{1A89833C-A79E-4418-96CB-22BCBD7F061A}.Ad-Hoc|Any CPU.ActiveCfg = Ad-Hoc|iPhone
		{1A89833C-A79E-4418-96CB-22BCBD7F061A}.Ad-Hoc|iPhone.ActiveCfg = Ad-Hoc|iPhone
		{1A89833C-A79E-4418-96CB-22BCBD7F061A}.Ad-Hoc|iPhone.Build.0 = Ad-Hoc|iPhone
		{1A89833C-A79E-4418-96CB-22BCBD7F061A}.Ad-Hoc|iPhoneSimulator.ActiveCfg = Ad-Hoc|iPhoneSimulator
		{1A89833C-A79E-4418-96CB-22BCBD7F061A}.Ad-Hoc|iPhoneSimulator.Build.0 = Ad-Hoc|iPhoneSimulator
		{1A89833C-A79E-4418-96CB-22BCBD7F061A}.AppStore|Any CPU.ActiveCfg = AppStore|iPhone
		{1A89833C-A79E-4418-96CB-22BCBD7F061A}.AppStore|iPhone.ActiveCfg = AppStore|iPhone
		{1A89833C-A79E-4418-96CB-22BCBD7F061A}.AppStore|iPhone.Build.0 = AppStore|iPhone
		{1A89833C-A79E-4418-96CB-22BCBD7F061A}.AppStore|iPhoneSimulator.ActiveCfg = AppStore|iPhoneSimulator
		{1A89833C-A79E-4418-96CB-22BCBD7F061A}.AppStore|iPhoneSimulator.Build.0 = AppStore|iPhoneSimulator
		{1A89833C-A79E-4418-96CB-22BCBD7F061A}.Debug|Any CPU.ActiveCfg = Debug|iPhone
		{1A89833C-A79E-4418-96CB-22BCBD7F061A}.Debug|iPhone.ActiveCfg = Debug|iPhone
		{1A89833C-A79E-4418-96CB-22BCBD7F061A}.Debug|iPhone.Build.0 = Debug|iPhone
		{1A89833C-A79E-4418-96CB-22BCBD7F061A}.Debug|iPhoneSimulator.ActiveCfg = Debug|iPhoneSimulator
		{1A89833C-A79E-4418-96CB-22BCBD7F061A}.Debug|iPhoneSimulator.Build.0 = Debug|iPhoneSimulator
		{1A89833C-A79E-4418-96CB-22BCBD7F061A}.Release|Any CPU.ActiveCfg = Release|iPhone
		{1A89833C-A79E-4418-96CB-22BCBD7F061A}.Release|iPhone.ActiveCfg = Release|iPhone
		{1A89833C-A79E-4418-96CB-22BCBD7F061A}.Release|iPhone.Build.0 = Release|iPhone
		{1A89833C-A79E-4418-96CB-22BCBD7F061A}.Release|iPhoneSimulator.ActiveCfg = Release|iPhoneSimulator
		{1A89833C-A79E-4418-96CB-22BCBD7F061A}.Release|iPhoneSimulator.Build.0 = Release|iPhoneSimulator
		{E83306D3-05DF-49FE-BBBB-C92C172A7A49}.Ad-Hoc|Any CPU.ActiveCfg = Release|Any CPU
		{E83306D3-05DF-49FE-BBBB-C92C172A7A49}.Ad-Hoc|Any CPU.Build.0 = Release|Any CPU
		{E83306D3-05DF-49FE-BBBB-C92C172A7A49}.Ad-Hoc|Any CPU.Deploy.0 = Release|Any CPU
		{E83306D3-05DF-49FE-BBBB-C92C172A7A49}.Ad-Hoc|iPhone.ActiveCfg = Release|Any CPU
		{E83306D3-05DF-49FE-BBBB-C92C172A7A49}.Ad-Hoc|iPhone.Build.0 = Release|Any CPU
		{E83306D3-05DF-49FE-BBBB-C92C172A7A49}.Ad-Hoc|iPhone.Deploy.0 = Release|Any CPU
		{E83306D3-05DF-49FE-BBBB-C92C172A7A49}.Ad-Hoc|iPhoneSimulator.ActiveCfg = Release|Any CPU
		{E83306D3-05DF-49FE-BBBB-C92C172A7A49}.Ad-Hoc|iPhoneSimulator.Build.0 = Release|Any CPU
		{E83306D3-05DF-49FE-BBBB-C92C172A7A49}.Ad-Hoc|iPhoneSimulator.Deploy.0 = Release|Any CPU
		{E83306D3-05DF-49FE-BBBB-C92C172A7A49}.AppStore|Any CPU.ActiveCfg = Release|Any CPU
		{E83306D3-05DF-49FE-BBBB-C92C172A7A49}.AppStore|Any CPU.Build.0 = Release|Any CPU
		{E83306D3-05DF-49FE-BBBB-C92C172A7A49}.AppStore|Any CPU.Deploy.0 = Release|Any CPU
		{E83306D3-05DF-49FE-BBBB-C92C172A7A49}.AppStore|iPhone.ActiveCfg = Release|Any CPU
		{E83306D3-05DF-49FE-BBBB-C92C172A7A49}.AppStore|iPhone.Build.0 = Release|Any CPU
		{E83306D3-05DF-49FE-BBBB-C92C172A7A49}.AppStore|iPhone.Deploy.0 = Release|Any CPU
		{E83306D3-05DF-49FE-BBBB-C92C172A7A49}.AppStore|iPhoneSimulator.ActiveCfg = Release|Any CPU
		{E83306D3-05DF-49FE-BBBB-C92C172A7A49}.AppStore|iPhoneSimulator.Build.0 = Release|Any CPU
		{E83306D3-05DF-49FE-BBBB-C92C172A7A49}.AppStore|iPhoneSimulator.Deploy.0 = Release|Any CPU
		{E83306D3-05DF-49FE-BBBB-C92C172A7A49}.Debug|Any CPU.ActiveCfg = Debug|Any CPU
		{E83306D3-05DF-49FE-BBBB-C92C172A7A49}.Debug|Any CPU.Build.0 = Debug|Any CPU
		{E83306D3-05DF-49FE-BBBB-C92C172A7A49}.Debug|Any CPU.Deploy.0 = Debug|Any CPU
		{E83306D3-05DF-49FE-BBBB-C92C172A7A49}.Debug|iPhone.ActiveCfg = Debug|Any CPU
		{E83306D3-05DF-49FE-BBBB-C92C172A7A49}.Debug|iPhone.Build.0 = Debug|Any CPU
		{E83306D3-05DF-49FE-BBBB-C92C172A7A49}.Debug|iPhone.Deploy.0 = Debug|Any CPU
		{E83306D3-05DF-49FE-BBBB-C92C172A7A49}.Debug|iPhoneSimulator.ActiveCfg = Debug|Any CPU
		{E83306D3-05DF-49FE-BBBB-C92C172A7A49}.Debug|iPhoneSimulator.Build.0 = Debug|Any CPU
		{E83306D3-05DF-49FE-BBBB-C92C172A7A49}.Debug|iPhoneSimulator.Deploy.0 = Debug|Any CPU
		{E83306D3-05DF-49FE-BBBB-C92C172A7A49}.Release|Any CPU.ActiveCfg = Release|Any CPU
		{E83306D3-05DF-49FE-BBBB-C92C172A7A49}.Release|Any CPU.Build.0 = Release|Any CPU
		{E83306D3-05DF-49FE-BBBB-C92C172A7A49}.Release|Any CPU.Deploy.0 = Release|Any CPU
		{E83306D3-05DF-49FE-BBBB-C92C172A7A49}.Release|iPhone.ActiveCfg = Release|Any CPU
		{E83306D3-05DF-49FE-BBBB-C92C172A7A49}.Release|iPhone.Build.0 = Release|Any CPU
		{E83306D3-05DF-49FE-BBBB-C92C172A7A49}.Release|iPhone.Deploy.0 = Release|Any CPU
		{E83306D3-05DF-49FE-BBBB-C92C172A7A49}.Release|iPhoneSimulator.ActiveCfg = Release|Any CPU
		{E83306D3-05DF-49FE-BBBB-C92C172A7A49}.Release|iPhoneSimulator.Build.0 = Release|Any CPU
		{E83306D3-05DF-49FE-BBBB-C92C172A7A49}.Release|iPhoneSimulator.Deploy.0 = Release|Any CPU
		{442C8534-DEDC-4CB5-AAB0-380A3F4C93E9}.Ad-Hoc|Any CPU.ActiveCfg = Release|iPhone
		{442C8534-DEDC-4CB5-AAB0-380A3F4C93E9}.Ad-Hoc|Any CPU.Build.0 = Release|iPhone
		{442C8534-DEDC-4CB5-AAB0-380A3F4C93E9}.Ad-Hoc|iPhone.ActiveCfg = Release|iPhone
		{442C8534-DEDC-4CB5-AAB0-380A3F4C93E9}.Ad-Hoc|iPhone.Build.0 = Release|iPhone
		{442C8534-DEDC-4CB5-AAB0-380A3F4C93E9}.Ad-Hoc|iPhoneSimulator.ActiveCfg = Release|iPhoneSimulator
		{442C8534-DEDC-4CB5-AAB0-380A3F4C93E9}.Ad-Hoc|iPhoneSimulator.Build.0 = Release|iPhoneSimulator
		{442C8534-DEDC-4CB5-AAB0-380A3F4C93E9}.AppStore|Any CPU.ActiveCfg = Release|iPhone
		{442C8534-DEDC-4CB5-AAB0-380A3F4C93E9}.AppStore|Any CPU.Build.0 = Release|iPhone
		{442C8534-DEDC-4CB5-AAB0-380A3F4C93E9}.AppStore|iPhone.ActiveCfg = Release|iPhone
		{442C8534-DEDC-4CB5-AAB0-380A3F4C93E9}.AppStore|iPhone.Build.0 = Release|iPhone
		{442C8534-DEDC-4CB5-AAB0-380A3F4C93E9}.AppStore|iPhoneSimulator.ActiveCfg = Release|iPhoneSimulator
		{442C8534-DEDC-4CB5-AAB0-380A3F4C93E9}.AppStore|iPhoneSimulator.Build.0 = Release|iPhoneSimulator
		{442C8534-DEDC-4CB5-AAB0-380A3F4C93E9}.Debug|Any CPU.ActiveCfg = Debug|iPhone
		{442C8534-DEDC-4CB5-AAB0-380A3F4C93E9}.Debug|iPhone.ActiveCfg = Debug|iPhone
		{442C8534-DEDC-4CB5-AAB0-380A3F4C93E9}.Debug|iPhone.Build.0 = Debug|iPhone
		{442C8534-DEDC-4CB5-AAB0-380A3F4C93E9}.Debug|iPhoneSimulator.ActiveCfg = Debug|iPhoneSimulator
		{442C8534-DEDC-4CB5-AAB0-380A3F4C93E9}.Debug|iPhoneSimulator.Build.0 = Debug|iPhoneSimulator
		{442C8534-DEDC-4CB5-AAB0-380A3F4C93E9}.Release|Any CPU.ActiveCfg = Release|iPhone
		{442C8534-DEDC-4CB5-AAB0-380A3F4C93E9}.Release|iPhone.ActiveCfg = Release|iPhone
		{442C8534-DEDC-4CB5-AAB0-380A3F4C93E9}.Release|iPhone.Build.0 = Release|iPhone
		{442C8534-DEDC-4CB5-AAB0-380A3F4C93E9}.Release|iPhoneSimulator.ActiveCfg = Release|iPhoneSimulator
		{442C8534-DEDC-4CB5-AAB0-380A3F4C93E9}.Release|iPhoneSimulator.Build.0 = Release|iPhoneSimulator
	EndGlobalSection
	GlobalSection(SolutionProperties) = preSolution
		HideSolutionNode = FALSE
	EndGlobalSection
	GlobalSection(ExtensibilityGlobals) = postSolution
		SolutionGuid = {D3BBDE4E-146D-47B1-BD29-5CD3EB14F879}
	EndGlobalSection
EndGlobal
